# This file is autogenerated, do not edit; changes may be undone by the next 'dep ensure'.


[[projects]]
  name = "github.com/go-chi/render"
  packages = ["."]
  revision = "9f855fadd4b8cde7773f9ef51f6b2705af239519"
  version = "v1.0.0"

[solve-meta]
  analyzer-name = "dep"
  analyzer-version = 1
  inputs-digest = "0aac4f7df44896963414d1ca8ac8ae7cb5150614637cb9c934f06326acbb06a1"
  solver-name = "gps-cdcl"
  solver-version = 1
